
Microsoft Visual Studio Solution File, Format Version 12.00
# Visual Studio Version 17
VisualStudioVersion = 17.14.36705.20 d17.14
MinimumVisualStudioVersion = 10.0.40219.1
Project("{FAE04EC0-301F-11D3-BF4B-00C04F79EFBC}") = "Laboratorio19", "Laboratorio19\Laboratorio19.csproj", "{E24D2C70-5A98-447C-A847-5506D456B5FB}"
EndProject
Global
	GlobalSection(SolutionConfigurationPlatforms) = preSolution
		Debug|Any CPU = Debug|Any CPU
		Release|Any CPU = Release|Any CPU
	EndGlobalSection
	GlobalSection(ProjectConfigurationPlatforms) = postSolution
		{E24D2C70-5A98-447C-A847-5506D456B5FB}.Debug|Any CPU.ActiveCfg = Debug|Any CPU
		{E24D2C70-5A98-447C-A847-5506D456B5FB}.Debug|Any CPU.Build.0 = Debug|Any CPU
		{E24D2C70-5A98-447C-A847-5506D456B5FB}.Release|Any CPU.ActiveCfg = Release|Any CPU
		{E24D2C70-5A98-447C-A847-5506D456B5FB}.Release|Any CPU.Build.0 = Release|Any CPU
	EndGlobalSection
	GlobalSection(SolutionProperties) = preSolution
		HideSolutionNode = FALSE
	EndGlobalSection
	GlobalSection(ExtensibilityGlobals) = postSolution
		SolutionGuid = {66BDCB07-1DF2-490F-A0E3-989850E1F9EE}
	EndGlobalSection
EndGlobal
