
Microsoft Visual Studio Solution File, Format Version 12.00
# Visual Studio Version 17
VisualStudioVersion = 17.14.36414.22
MinimumVisualStudioVersion = 10.0.40219.1
Project("{FAE04EC0-301F-11D3-BF4B-00C04F79EFBC}") = "Laboratorio3", "Laboratorio3\Laboratorio3.csproj", "{1216ABC1-B904-459A-956C-18FB12DDA988}"
EndProject
Project("{FAE04EC0-301F-11D3-BF4B-00C04F79EFBC}") = "Laboratorio31", "Laboratorio31\Laboratorio31.csproj", "{8428455C-4569-4D51-9E76-1D78F1142247}"
EndProject
Project("{FAE04EC0-301F-11D3-BF4B-00C04F79EFBC}") = "Laboratorio32", "Laboratorio32\Laboratorio32.csproj", "{4472A8A9-AFC8-45B9-8E6B-835EDD89ED34}"
EndProject
Project("{FAE04EC0-301F-11D3-BF4B-00C04F79EFBC}") = "Laboratorio33", "Laboratorio33\Laboratorio33.csproj", "{CB6F509B-8166-45F3-89C7-D4F49563EBF2}"
EndProject
Global
	GlobalSection(SolutionConfigurationPlatforms) = preSolution
		Debug|Any CPU = Debug|Any CPU
		Release|Any CPU = Release|Any CPU
	EndGlobalSection
	GlobalSection(ProjectConfigurationPlatforms) = postSolution
		{1216ABC1-B904-459A-956C-18FB12DDA988}.Debug|Any CPU.ActiveCfg = Debug|Any CPU
		{1216ABC1-B904-459A-956C-18FB12DDA988}.Debug|Any CPU.Build.0 = Debug|Any CPU
		{1216ABC1-B904-459A-956C-18FB12DDA988}.Release|Any CPU.ActiveCfg = Release|Any CPU
		{1216ABC1-B904-459A-956C-18FB12DDA988}.Release|Any CPU.Build.0 = Release|Any CPU
		{8428455C-4569-4D51-9E76-1D78F1142247}.Debug|Any CPU.ActiveCfg = Debug|Any CPU
		{8428455C-4569-4D51-9E76-1D78F1142247}.Debug|Any CPU.Build.0 = Debug|Any CPU
		{8428455C-4569-4D51-9E76-1D78F1142247}.Release|Any CPU.ActiveCfg = Release|Any CPU
		{8428455C-4569-4D51-9E76-1D78F1142247}.Release|Any CPU.Build.0 = Release|Any CPU
		{4472A8A9-AFC8-45B9-8E6B-835EDD89ED34}.Debug|Any CPU.ActiveCfg = Debug|Any CPU
		{4472A8A9-AFC8-45B9-8E6B-835EDD89ED34}.Debug|Any CPU.Build.0 = Debug|Any CPU
		{4472A8A9-AFC8-45B9-8E6B-835EDD89ED34}.Release|Any CPU.ActiveCfg = Release|Any CPU
		{4472A8A9-AFC8-45B9-8E6B-835EDD89ED34}.Release|Any CPU.Build.0 = Release|Any CPU
		{CB6F509B-8166-45F3-89C7-D4F49563EBF2}.Debug|Any CPU.ActiveCfg = Debug|Any CPU
		{CB6F509B-8166-45F3-89C7-D4F49563EBF2}.Debug|Any CPU.Build.0 = Debug|Any CPU
		{CB6F509B-8166-45F3-89C7-D4F49563EBF2}.Release|Any CPU.ActiveCfg = Release|Any CPU
		{CB6F509B-8166-45F3-89C7-D4F49563EBF2}.Release|Any CPU.Build.0 = Release|Any CPU
	EndGlobalSection
	GlobalSection(SolutionProperties) = preSolution
		HideSolutionNode = FALSE
	EndGlobalSection
	GlobalSection(ExtensibilityGlobals) = postSolution
		SolutionGuid = {6C7F87AB-05AB-4034-86AC-4D41C12634EB}
	EndGlobalSection
EndGlobal
