
Microsoft Visual Studio Solution File, Format Version 12.00
# Visual Studio Version 17
VisualStudioVersion = 17.14.36705.20 d17.14
MinimumVisualStudioVersion = 10.0.40219.1
Project("{FAE04EC0-301F-11D3-BF4B-00C04F79EFBC}") = "Laboratorio17", "Laboratorio17\Laboratorio17.csproj", "{BF09F060-393C-4150-8A3B-C24D21D1E499}"
EndProject
Global
	GlobalSection(SolutionConfigurationPlatforms) = preSolution
		Debug|Any CPU = Debug|Any CPU
		Release|Any CPU = Release|Any CPU
	EndGlobalSection
	GlobalSection(ProjectConfigurationPlatforms) = postSolution
		{BF09F060-393C-4150-8A3B-C24D21D1E499}.Debug|Any CPU.ActiveCfg = Debug|Any CPU
		{BF09F060-393C-4150-8A3B-C24D21D1E499}.Debug|Any CPU.Build.0 = Debug|Any CPU
		{BF09F060-393C-4150-8A3B-C24D21D1E499}.Release|Any CPU.ActiveCfg = Release|Any CPU
		{BF09F060-393C-4150-8A3B-C24D21D1E499}.Release|Any CPU.Build.0 = Release|Any CPU
	EndGlobalSection
	GlobalSection(SolutionProperties) = preSolution
		HideSolutionNode = FALSE
	EndGlobalSection
	GlobalSection(ExtensibilityGlobals) = postSolution
		SolutionGuid = {A6279DD6-ED2D-449F-8D3D-A90EE03EE3A7}
	EndGlobalSection
EndGlobal
