
Microsoft Visual Studio Solution File, Format Version 12.00
# Visual Studio Version 17
VisualStudioVersion = 17.14.36705.20 d17.14
MinimumVisualStudioVersion = 10.0.40219.1
Project("{FAE04EC0-301F-11D3-BF4B-00C04F79EFBC}") = "Laboratorio18", "Laboratorio18\Laboratorio18.csproj", "{7C4D96C2-0DAE-43E7-BE96-87682D3D456F}"
EndProject
Global
	GlobalSection(SolutionConfigurationPlatforms) = preSolution
		Debug|Any CPU = Debug|Any CPU
		Release|Any CPU = Release|Any CPU
	EndGlobalSection
	GlobalSection(ProjectConfigurationPlatforms) = postSolution
		{7C4D96C2-0DAE-43E7-BE96-87682D3D456F}.Debug|Any CPU.ActiveCfg = Debug|Any CPU
		{7C4D96C2-0DAE-43E7-BE96-87682D3D456F}.Debug|Any CPU.Build.0 = Debug|Any CPU
		{7C4D96C2-0DAE-43E7-BE96-87682D3D456F}.Release|Any CPU.ActiveCfg = Release|Any CPU
		{7C4D96C2-0DAE-43E7-BE96-87682D3D456F}.Release|Any CPU.Build.0 = Release|Any CPU
	EndGlobalSection
	GlobalSection(SolutionProperties) = preSolution
		HideSolutionNode = FALSE
	EndGlobalSection
	GlobalSection(ExtensibilityGlobals) = postSolution
		SolutionGuid = {A4B27319-51E6-4A68-9833-0FD474907D34}
	EndGlobalSection
EndGlobal
