
Microsoft Visual Studio Solution File, Format Version 12.00
# Visual Studio Version 17
VisualStudioVersion = 17.14.36414.22 d17.14
MinimumVisualStudioVersion = 10.0.40219.1
Project("{FAE04EC0-301F-11D3-BF4B-00C04F79EFBC}") = "Laboratorio_1", "Laboratorio_1\Laboratorio_1.csproj", "{A486E703-C665-4BF7-BB61-94ACA1D3CCD6}"
EndProject
Global
	GlobalSection(SolutionConfigurationPlatforms) = preSolution
		Debug|Any CPU = Debug|Any CPU
		Release|Any CPU = Release|Any CPU
	EndGlobalSection
	GlobalSection(ProjectConfigurationPlatforms) = postSolution
		{A486E703-C665-4BF7-BB61-94ACA1D3CCD6}.Debug|Any CPU.ActiveCfg = Debug|Any CPU
		{A486E703-C665-4BF7-BB61-94ACA1D3CCD6}.Debug|Any CPU.Build.0 = Debug|Any CPU
		{A486E703-C665-4BF7-BB61-94ACA1D3CCD6}.Release|Any CPU.ActiveCfg = Release|Any CPU
		{A486E703-C665-4BF7-BB61-94ACA1D3CCD6}.Release|Any CPU.Build.0 = Release|Any CPU
	EndGlobalSection
	GlobalSection(SolutionProperties) = preSolution
		HideSolutionNode = FALSE
	EndGlobalSection
	GlobalSection(ExtensibilityGlobals) = postSolution
		SolutionGuid = {D81E208C-9FD7-497A-A029-2B90A1780A06}
	EndGlobalSection
EndGlobal
