
Microsoft Visual Studio Solution File, Format Version 12.00
# Visual Studio Version 17
VisualStudioVersion = 17.14.36518.9
MinimumVisualStudioVersion = 10.0.40219.1
Project("{FAE04EC0-301F-11D3-BF4B-00C04F79EFBC}") = "Laboratorio13", "Laboratorio13\Laboratorio13.csproj", "{1AE5FEBC-E8D8-4097-A5A6-40A9BF080DAB}"
EndProject
Global
	GlobalSection(SolutionConfigurationPlatforms) = preSolution
		Debug|Any CPU = Debug|Any CPU
		Release|Any CPU = Release|Any CPU
	EndGlobalSection
	GlobalSection(ProjectConfigurationPlatforms) = postSolution
		{1AE5FEBC-E8D8-4097-A5A6-40A9BF080DAB}.Debug|Any CPU.ActiveCfg = Debug|Any CPU
		{1AE5FEBC-E8D8-4097-A5A6-40A9BF080DAB}.Debug|Any CPU.Build.0 = Debug|Any CPU
		{1AE5FEBC-E8D8-4097-A5A6-40A9BF080DAB}.Release|Any CPU.ActiveCfg = Release|Any CPU
		{1AE5FEBC-E8D8-4097-A5A6-40A9BF080DAB}.Release|Any CPU.Build.0 = Release|Any CPU
	EndGlobalSection
	GlobalSection(SolutionProperties) = preSolution
		HideSolutionNode = FALSE
	EndGlobalSection
	GlobalSection(ExtensibilityGlobals) = postSolution
		SolutionGuid = {0922D9E8-BE33-407F-A026-BAAA24AF0A81}
	EndGlobalSection
EndGlobal
